apiVersion: vendir.k14s.io/v1alpha1
directories:
- contents:
  - git:
      commitTitle: introduce link in linkerd-multicluster-link chart
      sha: 55eda6168b8fe5b291bd9cbb3d53cb0c8d4794cc
      tags:
      - stable-2.10.1-2936-g55eda6168
    path: linkerd
  path: vendor
- contents:
  - directory: {}
    path: .
  path: helm/linkerd-multicluster-link/templates
- contents:
  - directory: {}
    path: .
  path: helm/linkerd-multicluster-link/charts/partials
kind: LockConfig
